
Microsoft Visual Studio Solution File, Format Version 12.00
# Visual Studio 15
VisualStudioVersion = 15.0.27703.2042
MinimumVisualStudioVersion = 10.0.40219.1
Project("{FAE04EC0-301F-11D3-BF4B-00C04F79EFBC}") = "WinMd5Checksum", "WinMd5Checksum.csproj", "{2F677C70-CCFC-4E69-BC92-369CEC801698}"
EndProject
Project("{2150E333-8FDC-42A3-9474-1A3956D46DE8}") = "Solution Items", "Solution Items", "{C57E2522-F6B3-4F7E-95B2-BE5C02370182}"
	ProjectSection(SolutionItems) = preProject
		.editorconfig = .editorconfig
	EndProjectSection
EndProject
Global
	GlobalSection(SolutionConfigurationPlatforms) = preSolution
		Debug|Any CPU = Debug|Any CPU
		Debug|Mixed Platforms = Debug|Mixed Platforms
		Debug|x64 = Debug|x64
		Debug|x86 = Debug|x86
		Release|Any CPU = Release|Any CPU
		Release|Mixed Platforms = Release|Mixed Platforms
		Release|x64 = Release|x64
		Release|x86 = Release|x86
	EndGlobalSection
	GlobalSection(ProjectConfigurationPlatforms) = postSolution
		{2F677C70-CCFC-4E69-BC92-369CEC801698}.Debug|Any CPU.ActiveCfg = Debug|x86
		{2F677C70-CCFC-4E69-BC92-369CEC801698}.Debug|Mixed Platforms.ActiveCfg = Debug|x86
		{2F677C70-CCFC-4E69-BC92-369CEC801698}.Debug|Mixed Platforms.Build.0 = Debug|x86
		{2F677C70-CCFC-4E69-BC92-369CEC801698}.Debug|x64.ActiveCfg = Debug|x64
		{2F677C70-CCFC-4E69-BC92-369CEC801698}.Debug|x64.Build.0 = Debug|x64
		{2F677C70-CCFC-4E69-BC92-369CEC801698}.Debug|x86.ActiveCfg = Debug|x86
		{2F677C70-CCFC-4E69-BC92-369CEC801698}.Debug|x86.Build.0 = Debug|x86
		{2F677C70-CCFC-4E69-BC92-369CEC801698}.Release|Any CPU.ActiveCfg = Release|x86
		{2F677C70-CCFC-4E69-BC92-369CEC801698}.Release|Mixed Platforms.ActiveCfg = Release|x86
		{2F677C70-CCFC-4E69-BC92-369CEC801698}.Release|Mixed Platforms.Build.0 = Release|x86
		{2F677C70-CCFC-4E69-BC92-369CEC801698}.Release|x64.ActiveCfg = Release|x64
		{2F677C70-CCFC-4E69-BC92-369CEC801698}.Release|x64.Build.0 = Release|x64
		{2F677C70-CCFC-4E69-BC92-369CEC801698}.Release|x86.ActiveCfg = Release|x86
		{2F677C70-CCFC-4E69-BC92-369CEC801698}.Release|x86.Build.0 = Release|x86
	EndGlobalSection
	GlobalSection(SolutionProperties) = preSolution
		HideSolutionNode = FALSE
	EndGlobalSection
	GlobalSection(ExtensibilityGlobals) = postSolution
		SolutionGuid = {47135C7E-5F7B-405E-ACB5-39A936013035}
	EndGlobalSection
	GlobalSection(TestCaseManagementSettings) = postSolution
		CategoryFile = WinMd5Checksum.vsmdi
	EndGlobalSection
EndGlobal
